
Microsoft Visual Studio Solution File, Format Version 12.00
# Visual Studio 14
VisualStudioVersion = 14.0.25123.0
MinimumVisualStudioVersion = 10.0.40219.1
Project("{2150E333-8FDC-42A3-9474-1A3956D46DE8}") = "Solution Items", "Solution Items", "{E90D3043-02E2-4774-AD73-6447D5857244}"
	ProjectSection(SolutionItems) = preProject
		global.json = global.json
	EndProjectSection
EndProject
Project("{8BB2217D-0F2D-49D1-97BC-3654ED321F3B}") = "Astoria.EFFKModel", "..\test\FunctionalTests\Tests\DataServices\Models\EFFK\Astoria.EFFKModel.xproj", "{3AC096D0-A1C2-E12C-1390-A8335801FDAB}"
EndProject
Project("{8BB2217D-0F2D-49D1-97BC-3654ED321F3B}") = "Astoria.Northwind", "..\test\FunctionalTests\Tests\DataServices\Models\northwind\Astoria.Northwind.xproj", "{FDB7F902-BF25-42A7-B463-3B4FC0E13033}"
EndProject
Project("{8BB2217D-0F2D-49D1-97BC-3654ED321F3B}") = "AstoriaTestFramework", "..\test\FunctionalTests\Framework\AstoriaTestFramework.xproj", "{F3EE82F0-8DDD-45EE-BD9C-47AC3A3AF4BB}"
EndProject
Project("{8BB2217D-0F2D-49D1-97BC-3654ED321F3B}") = "AstoriaTestFramework.FullTrust", "..\test\FunctionalTests\Framework.FullTrust\AstoriaTestFramework.FullTrust.xproj", "{B01915F6-37E4-4E7E-9A45-8722829E49F1}"
EndProject
Project("{8BB2217D-0F2D-49D1-97BC-3654ED321F3B}") = "Commander.Common", "..\test\FunctionalTests\Tools\Commander.Common\Commander.Common.xproj", "{39F660EC-A5D8-4753-B3F2-28117EB3224B}"
EndProject
Project("{8BB2217D-0F2D-49D1-97BC-3654ED321F3B}") = "CustomData.ObjectContext", "..\test\FunctionalTests\Tools\CustomData.ObjectContext\CustomData.ObjectContext.xproj", "{6762001D-60F0-4E70-A816-C15897C39B7F}"
EndProject
Project("{8BB2217D-0F2D-49D1-97BC-3654ED321F3B}") = "DataWebRules", "..\tools\FxCopRules\DataWebRules.xproj", "{0854AF44-074A-41B4-909D-2AA4CAE82332}"
EndProject
Project("{8BB2217D-0F2D-49D1-97BC-3654ED321F3B}") = "Microsoft.OData.Edm", "..\src\Microsoft.OData.Edm\Microsoft.OData.Edm.xproj", "{7D921888-FE03-4C3F-80FE-2F624505461C}"
EndProject
Project("{8BB2217D-0F2D-49D1-97BC-3654ED321F3B}") = "Microsoft.Spatial", "..\src\Microsoft.Spatial\Microsoft.Spatial.xproj", "{5D921888-FE03-4C3F-40FE-2F624505461D}"
EndProject
Project("{8BB2217D-0F2D-49D1-97BC-3654ED321F3B}") = "Microsoft.OData.Core", "..\src\Microsoft.OData.Core\Microsoft.OData.Core.xproj", "{786C830F-07A1-408B-BD7F-6EE04809D6DB}"
EndProject
Global
	GlobalSection(SolutionConfigurationPlatforms) = preSolution
		Cover|Any CPU = Cover|Any CPU
		Cover|x64 = Cover|x64
		Cover|x86 = Cover|x86
		Debug|Any CPU = Debug|Any CPU
		Debug|x64 = Debug|x64
		Debug|x86 = Debug|x86
		Release|Any CPU = Release|Any CPU
		Release|x64 = Release|x64
		Release|x86 = Release|x86
	EndGlobalSection
	GlobalSection(ProjectConfigurationPlatforms) = postSolution
		{3AC096D0-A1C2-E12C-1390-A8335801FDAB}.Cover|Any CPU.ActiveCfg = Debug|Any CPU
		{3AC096D0-A1C2-E12C-1390-A8335801FDAB}.Cover|Any CPU.Build.0 = Debug|Any CPU
		{3AC096D0-A1C2-E12C-1390-A8335801FDAB}.Cover|x64.ActiveCfg = Debug|Any CPU
		{3AC096D0-A1C2-E12C-1390-A8335801FDAB}.Cover|x64.Build.0 = Debug|Any CPU
		{3AC096D0-A1C2-E12C-1390-A8335801FDAB}.Cover|x86.ActiveCfg = Debug|Any CPU
		{3AC096D0-A1C2-E12C-1390-A8335801FDAB}.Cover|x86.Build.0 = Debug|Any CPU
		{3AC096D0-A1C2-E12C-1390-A8335801FDAB}.Debug|Any CPU.ActiveCfg = Debug|Any CPU
		{3AC096D0-A1C2-E12C-1390-A8335801FDAB}.Debug|Any CPU.Build.0 = Debug|Any CPU
		{3AC096D0-A1C2-E12C-1390-A8335801FDAB}.Debug|x64.ActiveCfg = Debug|Any CPU
		{3AC096D0-A1C2-E12C-1390-A8335801FDAB}.Debug|x64.Build.0 = Debug|Any CPU
		{3AC096D0-A1C2-E12C-1390-A8335801FDAB}.Debug|x86.ActiveCfg = Debug|Any CPU
		{3AC096D0-A1C2-E12C-1390-A8335801FDAB}.Debug|x86.Build.0 = Debug|Any CPU
		{3AC096D0-A1C2-E12C-1390-A8335801FDAB}.Release|Any CPU.ActiveCfg = Release|Any CPU
		{3AC096D0-A1C2-E12C-1390-A8335801FDAB}.Release|Any CPU.Build.0 = Release|Any CPU
		{3AC096D0-A1C2-E12C-1390-A8335801FDAB}.Release|x64.ActiveCfg = Release|Any CPU
		{3AC096D0-A1C2-E12C-1390-A8335801FDAB}.Release|x64.Build.0 = Release|Any CPU
		{3AC096D0-A1C2-E12C-1390-A8335801FDAB}.Release|x86.ActiveCfg = Release|Any CPU
		{3AC096D0-A1C2-E12C-1390-A8335801FDAB}.Release|x86.Build.0 = Release|Any CPU
		{FDB7F902-BF25-42A7-B463-3B4FC0E13033}.Cover|Any CPU.ActiveCfg = Debug|Any CPU
		{FDB7F902-BF25-42A7-B463-3B4FC0E13033}.Cover|Any CPU.Build.0 = Debug|Any CPU
		{FDB7F902-BF25-42A7-B463-3B4FC0E13033}.Cover|x64.ActiveCfg = Debug|Any CPU
		{FDB7F902-BF25-42A7-B463-3B4FC0E13033}.Cover|x64.Build.0 = Debug|Any CPU
		{FDB7F902-BF25-42A7-B463-3B4FC0E13033}.Cover|x86.ActiveCfg = Debug|Any CPU
		{FDB7F902-BF25-42A7-B463-3B4FC0E13033}.Cover|x86.Build.0 = Debug|Any CPU
		{FDB7F902-BF25-42A7-B463-3B4FC0E13033}.Debug|Any CPU.ActiveCfg = Debug|Any CPU
		{FDB7F902-BF25-42A7-B463-3B4FC0E13033}.Debug|Any CPU.Build.0 = Debug|Any CPU
		{FDB7F902-BF25-42A7-B463-3B4FC0E13033}.Debug|x64.ActiveCfg = Debug|Any CPU
		{FDB7F902-BF25-42A7-B463-3B4FC0E13033}.Debug|x64.Build.0 = Debug|Any CPU
		{FDB7F902-BF25-42A7-B463-3B4FC0E13033}.Debug|x86.ActiveCfg = Debug|Any CPU
		{FDB7F902-BF25-42A7-B463-3B4FC0E13033}.Debug|x86.Build.0 = Debug|Any CPU
		{FDB7F902-BF25-42A7-B463-3B4FC0E13033}.Release|Any CPU.ActiveCfg = Release|Any CPU
		{FDB7F902-BF25-42A7-B463-3B4FC0E13033}.Release|Any CPU.Build.0 = Release|Any CPU
		{FDB7F902-BF25-42A7-B463-3B4FC0E13033}.Release|x64.ActiveCfg = Release|Any CPU
		{FDB7F902-BF25-42A7-B463-3B4FC0E13033}.Release|x64.Build.0 = Release|Any CPU
		{FDB7F902-BF25-42A7-B463-3B4FC0E13033}.Release|x86.ActiveCfg = Release|Any CPU
		{FDB7F902-BF25-42A7-B463-3B4FC0E13033}.Release|x86.Build.0 = Release|Any CPU
		{F3EE82F0-8DDD-45EE-BD9C-47AC3A3AF4BB}.Cover|Any CPU.ActiveCfg = Debug|Any CPU
		{F3EE82F0-8DDD-45EE-BD9C-47AC3A3AF4BB}.Cover|Any CPU.Build.0 = Debug|Any CPU
		{F3EE82F0-8DDD-45EE-BD9C-47AC3A3AF4BB}.Cover|x64.ActiveCfg = Debug|Any CPU
		{F3EE82F0-8DDD-45EE-BD9C-47AC3A3AF4BB}.Cover|x64.Build.0 = Debug|Any CPU
		{F3EE82F0-8DDD-45EE-BD9C-47AC3A3AF4BB}.Cover|x86.ActiveCfg = Debug|Any CPU
		{F3EE82F0-8DDD-45EE-BD9C-47AC3A3AF4BB}.Cover|x86.Build.0 = Debug|Any CPU
		{F3EE82F0-8DDD-45EE-BD9C-47AC3A3AF4BB}.Debug|Any CPU.ActiveCfg = Debug|Any CPU
		{F3EE82F0-8DDD-45EE-BD9C-47AC3A3AF4BB}.Debug|Any CPU.Build.0 = Debug|Any CPU
		{F3EE82F0-8DDD-45EE-BD9C-47AC3A3AF4BB}.Debug|x64.ActiveCfg = Debug|Any CPU
		{F3EE82F0-8DDD-45EE-BD9C-47AC3A3AF4BB}.Debug|x64.Build.0 = Debug|Any CPU
		{F3EE82F0-8DDD-45EE-BD9C-47AC3A3AF4BB}.Debug|x86.ActiveCfg = Debug|Any CPU
		{F3EE82F0-8DDD-45EE-BD9C-47AC3A3AF4BB}.Debug|x86.Build.0 = Debug|Any CPU
		{F3EE82F0-8DDD-45EE-BD9C-47AC3A3AF4BB}.Release|Any CPU.ActiveCfg = Release|Any CPU
		{F3EE82F0-8DDD-45EE-BD9C-47AC3A3AF4BB}.Release|Any CPU.Build.0 = Release|Any CPU
		{F3EE82F0-8DDD-45EE-BD9C-47AC3A3AF4BB}.Release|x64.ActiveCfg = Release|Any CPU
		{F3EE82F0-8DDD-45EE-BD9C-47AC3A3AF4BB}.Release|x64.Build.0 = Release|Any CPU
		{F3EE82F0-8DDD-45EE-BD9C-47AC3A3AF4BB}.Release|x86.ActiveCfg = Release|Any CPU
		{F3EE82F0-8DDD-45EE-BD9C-47AC3A3AF4BB}.Release|x86.Build.0 = Release|Any CPU
		{B01915F6-37E4-4E7E-9A45-8722829E49F1}.Cover|Any CPU.ActiveCfg = Debug|Any CPU
		{B01915F6-37E4-4E7E-9A45-8722829E49F1}.Cover|Any CPU.Build.0 = Debug|Any CPU
		{B01915F6-37E4-4E7E-9A45-8722829E49F1}.Cover|x64.ActiveCfg = Debug|Any CPU
		{B01915F6-37E4-4E7E-9A45-8722829E49F1}.Cover|x64.Build.0 = Debug|Any CPU
		{B01915F6-37E4-4E7E-9A45-8722829E49F1}.Cover|x86.ActiveCfg = Debug|Any CPU
		{B01915F6-37E4-4E7E-9A45-8722829E49F1}.Cover|x86.Build.0 = Debug|Any CPU
		{B01915F6-37E4-4E7E-9A45-8722829E49F1}.Debug|Any CPU.ActiveCfg = Debug|Any CPU
		{B01915F6-37E4-4E7E-9A45-8722829E49F1}.Debug|Any CPU.Build.0 = Debug|Any CPU
		{B01915F6-37E4-4E7E-9A45-8722829E49F1}.Debug|x64.ActiveCfg = Debug|Any CPU
		{B01915F6-37E4-4E7E-9A45-8722829E49F1}.Debug|x64.Build.0 = Debug|Any CPU
		{B01915F6-37E4-4E7E-9A45-8722829E49F1}.Debug|x86.ActiveCfg = Debug|Any CPU
		{B01915F6-37E4-4E7E-9A45-8722829E49F1}.Debug|x86.Build.0 = Debug|Any CPU
		{B01915F6-37E4-4E7E-9A45-8722829E49F1}.Release|Any CPU.ActiveCfg = Release|Any CPU
		{B01915F6-37E4-4E7E-9A45-8722829E49F1}.Release|Any CPU.Build.0 = Release|Any CPU
		{B01915F6-37E4-4E7E-9A45-8722829E49F1}.Release|x64.ActiveCfg = Release|Any CPU
		{B01915F6-37E4-4E7E-9A45-8722829E49F1}.Release|x64.Build.0 = Release|Any CPU
		{B01915F6-37E4-4E7E-9A45-8722829E49F1}.Release|x86.ActiveCfg = Release|Any CPU
		{B01915F6-37E4-4E7E-9A45-8722829E49F1}.Release|x86.Build.0 = Release|Any CPU
		{39F660EC-A5D8-4753-B3F2-28117EB3224B}.Cover|Any CPU.ActiveCfg = Debug|Any CPU
		{39F660EC-A5D8-4753-B3F2-28117EB3224B}.Cover|Any CPU.Build.0 = Debug|Any CPU
		{39F660EC-A5D8-4753-B3F2-28117EB3224B}.Cover|x64.ActiveCfg = Debug|Any CPU
		{39F660EC-A5D8-4753-B3F2-28117EB3224B}.Cover|x64.Build.0 = Debug|Any CPU
		{39F660EC-A5D8-4753-B3F2-28117EB3224B}.Cover|x86.ActiveCfg = Debug|Any CPU
		{39F660EC-A5D8-4753-B3F2-28117EB3224B}.Cover|x86.Build.0 = Debug|Any CPU
		{39F660EC-A5D8-4753-B3F2-28117EB3224B}.Debug|Any CPU.ActiveCfg = Debug|Any CPU
		{39F660EC-A5D8-4753-B3F2-28117EB3224B}.Debug|Any CPU.Build.0 = Debug|Any CPU
		{39F660EC-A5D8-4753-B3F2-28117EB3224B}.Debug|x64.ActiveCfg = Debug|Any CPU
		{39F660EC-A5D8-4753-B3F2-28117EB3224B}.Debug|x64.Build.0 = Debug|Any CPU
		{39F660EC-A5D8-4753-B3F2-28117EB3224B}.Debug|x86.ActiveCfg = Debug|Any CPU
		{39F660EC-A5D8-4753-B3F2-28117EB3224B}.Debug|x86.Build.0 = Debug|Any CPU
		{39F660EC-A5D8-4753-B3F2-28117EB3224B}.Release|Any CPU.ActiveCfg = Release|Any CPU
		{39F660EC-A5D8-4753-B3F2-28117EB3224B}.Release|Any CPU.Build.0 = Release|Any CPU
		{39F660EC-A5D8-4753-B3F2-28117EB3224B}.Release|x64.ActiveCfg = Release|Any CPU
		{39F660EC-A5D8-4753-B3F2-28117EB3224B}.Release|x64.Build.0 = Release|Any CPU
		{39F660EC-A5D8-4753-B3F2-28117EB3224B}.Release|x86.ActiveCfg = Release|Any CPU
		{39F660EC-A5D8-4753-B3F2-28117EB3224B}.Release|x86.Build.0 = Release|Any CPU
		{6762001D-60F0-4E70-A816-C15897C39B7F}.Cover|Any CPU.ActiveCfg = Debug|Any CPU
		{6762001D-60F0-4E70-A816-C15897C39B7F}.Cover|Any CPU.Build.0 = Debug|Any CPU
		{6762001D-60F0-4E70-A816-C15897C39B7F}.Cover|x64.ActiveCfg = Debug|Any CPU
		{6762001D-60F0-4E70-A816-C15897C39B7F}.Cover|x64.Build.0 = Debug|Any CPU
		{6762001D-60F0-4E70-A816-C15897C39B7F}.Cover|x86.ActiveCfg = Debug|Any CPU
		{6762001D-60F0-4E70-A816-C15897C39B7F}.Cover|x86.Build.0 = Debug|Any CPU
		{6762001D-60F0-4E70-A816-C15897C39B7F}.Debug|Any CPU.ActiveCfg = Debug|Any CPU
		{6762001D-60F0-4E70-A816-C15897C39B7F}.Debug|Any CPU.Build.0 = Debug|Any CPU
		{6762001D-60F0-4E70-A816-C15897C39B7F}.Debug|x64.ActiveCfg = Debug|Any CPU
		{6762001D-60F0-4E70-A816-C15897C39B7F}.Debug|x64.Build.0 = Debug|Any CPU
		{6762001D-60F0-4E70-A816-C15897C39B7F}.Debug|x86.ActiveCfg = Debug|Any CPU
		{6762001D-60F0-4E70-A816-C15897C39B7F}.Debug|x86.Build.0 = Debug|Any CPU
		{6762001D-60F0-4E70-A816-C15897C39B7F}.Release|Any CPU.ActiveCfg = Release|Any CPU
		{6762001D-60F0-4E70-A816-C15897C39B7F}.Release|Any CPU.Build.0 = Release|Any CPU
		{6762001D-60F0-4E70-A816-C15897C39B7F}.Release|x64.ActiveCfg = Release|Any CPU
		{6762001D-60F0-4E70-A816-C15897C39B7F}.Release|x64.Build.0 = Release|Any CPU
		{6762001D-60F0-4E70-A816-C15897C39B7F}.Release|x86.ActiveCfg = Release|Any CPU
		{6762001D-60F0-4E70-A816-C15897C39B7F}.Release|x86.Build.0 = Release|Any CPU
		{0854AF44-074A-41B4-909D-2AA4CAE82332}.Cover|Any CPU.ActiveCfg = Debug|Any CPU
		{0854AF44-074A-41B4-909D-2AA4CAE82332}.Cover|Any CPU.Build.0 = Debug|Any CPU
		{0854AF44-074A-41B4-909D-2AA4CAE82332}.Cover|x64.ActiveCfg = Debug|Any CPU
		{0854AF44-074A-41B4-909D-2AA4CAE82332}.Cover|x64.Build.0 = Debug|Any CPU
		{0854AF44-074A-41B4-909D-2AA4CAE82332}.Cover|x86.ActiveCfg = Debug|Any CPU
		{0854AF44-074A-41B4-909D-2AA4CAE82332}.Cover|x86.Build.0 = Debug|Any CPU
		{0854AF44-074A-41B4-909D-2AA4CAE82332}.Debug|Any CPU.ActiveCfg = Debug|Any CPU
		{0854AF44-074A-41B4-909D-2AA4CAE82332}.Debug|Any CPU.Build.0 = Debug|Any CPU
		{0854AF44-074A-41B4-909D-2AA4CAE82332}.Debug|x64.ActiveCfg = Debug|Any CPU
		{0854AF44-074A-41B4-909D-2AA4CAE82332}.Debug|x64.Build.0 = Debug|Any CPU
		{0854AF44-074A-41B4-909D-2AA4CAE82332}.Debug|x86.ActiveCfg = Debug|Any CPU
		{0854AF44-074A-41B4-909D-2AA4CAE82332}.Debug|x86.Build.0 = Debug|Any CPU
		{0854AF44-074A-41B4-909D-2AA4CAE82332}.Release|Any CPU.ActiveCfg = Release|Any CPU
		{0854AF44-074A-41B4-909D-2AA4CAE82332}.Release|Any CPU.Build.0 = Release|Any CPU
		{0854AF44-074A-41B4-909D-2AA4CAE82332}.Release|x64.ActiveCfg = Release|Any CPU
		{0854AF44-074A-41B4-909D-2AA4CAE82332}.Release|x64.Build.0 = Release|Any CPU
		{0854AF44-074A-41B4-909D-2AA4CAE82332}.Release|x86.ActiveCfg = Release|Any CPU
		{0854AF44-074A-41B4-909D-2AA4CAE82332}.Release|x86.Build.0 = Release|Any CPU
		{7D921888-FE03-4C3F-80FE-2F624505461C}.Cover|Any CPU.ActiveCfg = Debug|Any CPU
		{7D921888-FE03-4C3F-80FE-2F624505461C}.Cover|Any CPU.Build.0 = Debug|Any CPU
		{7D921888-FE03-4C3F-80FE-2F624505461C}.Cover|x64.ActiveCfg = Debug|Any CPU
		{7D921888-FE03-4C3F-80FE-2F624505461C}.Cover|x64.Build.0 = Debug|Any CPU
		{7D921888-FE03-4C3F-80FE-2F624505461C}.Cover|x86.ActiveCfg = Debug|Any CPU
		{7D921888-FE03-4C3F-80FE-2F624505461C}.Cover|x86.Build.0 = Debug|Any CPU
		{7D921888-FE03-4C3F-80FE-2F624505461C}.Debug|Any CPU.ActiveCfg = Debug|Any CPU
		{7D921888-FE03-4C3F-80FE-2F624505461C}.Debug|Any CPU.Build.0 = Debug|Any CPU
		{7D921888-FE03-4C3F-80FE-2F624505461C}.Debug|x64.ActiveCfg = Debug|Any CPU
		{7D921888-FE03-4C3F-80FE-2F624505461C}.Debug|x64.Build.0 = Debug|Any CPU
		{7D921888-FE03-4C3F-80FE-2F624505461C}.Debug|x86.ActiveCfg = Debug|Any CPU
		{7D921888-FE03-4C3F-80FE-2F624505461C}.Debug|x86.Build.0 = Debug|Any CPU
		{7D921888-FE03-4C3F-80FE-2F624505461C}.Release|Any CPU.ActiveCfg = Release|Any CPU
		{7D921888-FE03-4C3F-80FE-2F624505461C}.Release|Any CPU.Build.0 = Release|Any CPU
		{7D921888-FE03-4C3F-80FE-2F624505461C}.Release|x64.ActiveCfg = Release|Any CPU
		{7D921888-FE03-4C3F-80FE-2F624505461C}.Release|x64.Build.0 = Release|Any CPU
		{7D921888-FE03-4C3F-80FE-2F624505461C}.Release|x86.ActiveCfg = Release|Any CPU
		{7D921888-FE03-4C3F-80FE-2F624505461C}.Release|x86.Build.0 = Release|Any CPU
		{5D921888-FE03-4C3F-40FE-2F624505461D}.Cover|Any CPU.ActiveCfg = Debug|Any CPU
		{5D921888-FE03-4C3F-40FE-2F624505461D}.Cover|Any CPU.Build.0 = Debug|Any CPU
		{5D921888-FE03-4C3F-40FE-2F624505461D}.Cover|x64.ActiveCfg = Debug|Any CPU
		{5D921888-FE03-4C3F-40FE-2F624505461D}.Cover|x64.Build.0 = Debug|Any CPU
		{5D921888-FE03-4C3F-40FE-2F624505461D}.Cover|x86.ActiveCfg = Debug|Any CPU
		{5D921888-FE03-4C3F-40FE-2F624505461D}.Cover|x86.Build.0 = Debug|Any CPU
		{5D921888-FE03-4C3F-40FE-2F624505461D}.Debug|Any CPU.ActiveCfg = Debug|Any CPU
		{5D921888-FE03-4C3F-40FE-2F624505461D}.Debug|Any CPU.Build.0 = Debug|Any CPU
		{5D921888-FE03-4C3F-40FE-2F624505461D}.Debug|x64.ActiveCfg = Debug|Any CPU
		{5D921888-FE03-4C3F-40FE-2F624505461D}.Debug|x64.Build.0 = Debug|Any CPU
		{5D921888-FE03-4C3F-40FE-2F624505461D}.Debug|x86.ActiveCfg = Debug|Any CPU
		{5D921888-FE03-4C3F-40FE-2F624505461D}.Debug|x86.Build.0 = Debug|Any CPU
		{5D921888-FE03-4C3F-40FE-2F624505461D}.Release|Any CPU.ActiveCfg = Release|Any CPU
		{5D921888-FE03-4C3F-40FE-2F624505461D}.Release|Any CPU.Build.0 = Release|Any CPU
		{5D921888-FE03-4C3F-40FE-2F624505461D}.Release|x64.ActiveCfg = Release|Any CPU
		{5D921888-FE03-4C3F-40FE-2F624505461D}.Release|x64.Build.0 = Release|Any CPU
		{5D921888-FE03-4C3F-40FE-2F624505461D}.Release|x86.ActiveCfg = Release|Any CPU
		{5D921888-FE03-4C3F-40FE-2F624505461D}.Release|x86.Build.0 = Release|Any CPU
		{786C830F-07A1-408B-BD7F-6EE04809D6DB}.Cover|Any CPU.ActiveCfg = Debug|Any CPU
		{786C830F-07A1-408B-BD7F-6EE04809D6DB}.Cover|Any CPU.Build.0 = Debug|Any CPU
		{786C830F-07A1-408B-BD7F-6EE04809D6DB}.Cover|x64.ActiveCfg = Debug|Any CPU
		{786C830F-07A1-408B-BD7F-6EE04809D6DB}.Cover|x64.Build.0 = Debug|Any CPU
		{786C830F-07A1-408B-BD7F-6EE04809D6DB}.Cover|x86.ActiveCfg = Debug|Any CPU
		{786C830F-07A1-408B-BD7F-6EE04809D6DB}.Cover|x86.Build.0 = Debug|Any CPU
		{786C830F-07A1-408B-BD7F-6EE04809D6DB}.Debug|Any CPU.ActiveCfg = Debug|Any CPU
		{786C830F-07A1-408B-BD7F-6EE04809D6DB}.Debug|Any CPU.Build.0 = Debug|Any CPU
		{786C830F-07A1-408B-BD7F-6EE04809D6DB}.Debug|x64.ActiveCfg = Debug|Any CPU
		{786C830F-07A1-408B-BD7F-6EE04809D6DB}.Debug|x64.Build.0 = Debug|Any CPU
		{786C830F-07A1-408B-BD7F-6EE04809D6DB}.Debug|x86.ActiveCfg = Debug|Any CPU
		{786C830F-07A1-408B-BD7F-6EE04809D6DB}.Debug|x86.Build.0 = Debug|Any CPU
		{786C830F-07A1-408B-BD7F-6EE04809D6DB}.Release|Any CPU.ActiveCfg = Release|Any CPU
		{786C830F-07A1-408B-BD7F-6EE04809D6DB}.Release|Any CPU.Build.0 = Release|Any CPU
		{786C830F-07A1-408B-BD7F-6EE04809D6DB}.Release|x64.ActiveCfg = Release|Any CPU
		{786C830F-07A1-408B-BD7F-6EE04809D6DB}.Release|x64.Build.0 = Release|Any CPU
		{786C830F-07A1-408B-BD7F-6EE04809D6DB}.Release|x86.ActiveCfg = Release|Any CPU
		{786C830F-07A1-408B-BD7F-6EE04809D6DB}.Release|x86.Build.0 = Release|Any CPU
	EndGlobalSection
	GlobalSection(SolutionProperties) = preSolution
		HideSolutionNode = FALSE
	EndGlobalSection
EndGlobal
